
Microsoft Visual Studio Solution File, Format Version 12.00
# Visual Studio 15
VisualStudioVersion = 15.0.28307.421
MinimumVisualStudioVersion = 10.0.40219.1
Project("{FAE04EC0-301F-11D3-BF4B-00C04F79EFBC}") = "AutoComplete", "AutoComplete\AutoComplete.csproj", "{295AAD20-D2E8-4B37-A25E-034CBA64FB23}"
EndProject
Project("{FAE04EC0-301F-11D3-BF4B-00C04F79EFBC}") = "Helpers", "Helpers\Helpers.csproj", "{11B868D1-1294-4264-BD65-E7DB8DD6E1A6}"
EndProject
Project("{2150E333-8FDC-42A3-9474-1A3956D46DE8}") = "HelpingProjects", "HelpingProjects", "{DC86C18E-CDB4-486E-8A04-2F65E4D3775B}"
EndProject
Project("{FAE04EC0-301F-11D3-BF4B-00C04F79EFBC}") = "Models", "Models\Models.csproj", "{D4982A48-D026-4A1D-8759-4FA6CE300108}"
EndProject
Project("{FAE04EC0-301F-11D3-BF4B-00C04F79EFBC}") = "AppTheme", "AppTheme\AppTheme.csproj", "{ECEA51A3-C6DF-4A02-90B4-D132E1553EA5}"
EndProject
Global
	GlobalSection(SolutionConfigurationPlatforms) = preSolution
		Debug|Any CPU = Debug|Any CPU
		Release|Any CPU = Release|Any CPU
	EndGlobalSection
	GlobalSection(ProjectConfigurationPlatforms) = postSolution
		{295AAD20-D2E8-4B37-A25E-034CBA64FB23}.Debug|Any CPU.ActiveCfg = Debug|Any CPU
		{295AAD20-D2E8-4B37-A25E-034CBA64FB23}.Debug|Any CPU.Build.0 = Debug|Any CPU
		{295AAD20-D2E8-4B37-A25E-034CBA64FB23}.Release|Any CPU.ActiveCfg = Release|Any CPU
		{295AAD20-D2E8-4B37-A25E-034CBA64FB23}.Release|Any CPU.Build.0 = Release|Any CPU
		{11B868D1-1294-4264-BD65-E7DB8DD6E1A6}.Debug|Any CPU.ActiveCfg = Debug|Any CPU
		{11B868D1-1294-4264-BD65-E7DB8DD6E1A6}.Debug|Any CPU.Build.0 = Debug|Any CPU
		{11B868D1-1294-4264-BD65-E7DB8DD6E1A6}.Release|Any CPU.ActiveCfg = Release|Any CPU
		{11B868D1-1294-4264-BD65-E7DB8DD6E1A6}.Release|Any CPU.Build.0 = Release|Any CPU
		{D4982A48-D026-4A1D-8759-4FA6CE300108}.Debug|Any CPU.ActiveCfg = Debug|Any CPU
		{D4982A48-D026-4A1D-8759-4FA6CE300108}.Debug|Any CPU.Build.0 = Debug|Any CPU
		{D4982A48-D026-4A1D-8759-4FA6CE300108}.Release|Any CPU.ActiveCfg = Release|Any CPU
		{D4982A48-D026-4A1D-8759-4FA6CE300108}.Release|Any CPU.Build.0 = Release|Any CPU
		{ECEA51A3-C6DF-4A02-90B4-D132E1553EA5}.Debug|Any CPU.ActiveCfg = Debug|Any CPU
		{ECEA51A3-C6DF-4A02-90B4-D132E1553EA5}.Debug|Any CPU.Build.0 = Debug|Any CPU
		{ECEA51A3-C6DF-4A02-90B4-D132E1553EA5}.Release|Any CPU.ActiveCfg = Release|Any CPU
		{ECEA51A3-C6DF-4A02-90B4-D132E1553EA5}.Release|Any CPU.Build.0 = Release|Any CPU
	EndGlobalSection
	GlobalSection(SolutionProperties) = preSolution
		HideSolutionNode = FALSE
	EndGlobalSection
	GlobalSection(NestedProjects) = preSolution
		{11B868D1-1294-4264-BD65-E7DB8DD6E1A6} = {DC86C18E-CDB4-486E-8A04-2F65E4D3775B}
		{D4982A48-D026-4A1D-8759-4FA6CE300108} = {DC86C18E-CDB4-486E-8A04-2F65E4D3775B}
	EndGlobalSection
	GlobalSection(ExtensibilityGlobals) = postSolution
		SolutionGuid = {F40A4410-76EA-4BD5-B6A9-8B0D8D9D6391}
	EndGlobalSection
EndGlobal
